// !$*UTF8*$!
{
	archiveVersion = 1;
	classes = {
	};
	objectVersion = 56;
	objects = {

/* Begin PBXBuildFile section */
		EBE888592A39FA3300F5F473 /* ContentView.swift in Sources */ = {isa = PBXBuildFile; fileRef = EBE888582A39FA3300F5F473 /* ContentView.swift */; };
		EBE8885B2A39FA3500F5F473 /* Assets.xcassets in Resources */ = {isa = PBXBuildFile; fileRef = EBE8885A2A39FA3500F5F473 /* Assets.xcassets */; };
		EBE888682A39FA3500F5F473 /* mvvm_combine_swiftui_testTests.swift in Sources */ = {isa = PBXBuildFile; fileRef = EBE888672A39FA3500F5F473 /* mvvm_combine_swiftui_testTests.swift */; };
		EBE888722A39FA3500F5F473 /* mvvm_combine_swiftui_testUITests.swift in Sources */ = {isa = PBXBuildFile; fileRef = EBE888712A39FA3500F5F473 /* mvvm_combine_swiftui_testUITests.swift */; };
		EBE888742A39FA3500F5F473 /* mvvm_combine_swiftui_testUITestsLaunchTests.swift in Sources */ = {isa = PBXBuildFile; fileRef = EBE888732A39FA3500F5F473 /* mvvm_combine_swiftui_testUITestsLaunchTests.swift */; };
		EBE8888B2A39FF9300F5F473 /* mvvm_combine_swiftui_testApp.swift in Sources */ = {isa = PBXBuildFile; fileRef = EBE888882A39FF9300F5F473 /* mvvm_combine_swiftui_testApp.swift */; };
		EBE8888C2A39FF9300F5F473 /* mvvm_combine_swiftui_testApp.swift in Sources */ = {isa = PBXBuildFile; fileRef = EBE888882A39FF9300F5F473 /* mvvm_combine_swiftui_testApp.swift */; };
		EBE8888D2A39FF9300F5F473 /* mvvm_combine_swiftui_testApp.swift in Sources */ = {isa = PBXBuildFile; fileRef = EBE888882A39FF9300F5F473 /* mvvm_combine_swiftui_testApp.swift */; };
		EBE8888E2A39FF9300F5F473 /* Colors.xcassets in Resources */ = {isa = PBXBuildFile; fileRef = EBE888892A39FF9300F5F473 /* Colors.xcassets */; };
		EBE8888F2A39FF9300F5F473 /* Colors.xcassets in Resources */ = {isa = PBXBuildFile; fileRef = EBE888892A39FF9300F5F473 /* Colors.xcassets */; };
		EBE888902A39FF9300F5F473 /* Colors.xcassets in Resources */ = {isa = PBXBuildFile; fileRef = EBE888892A39FF9300F5F473 /* Colors.xcassets */; };
		EBE888932A3A106F00F5F473 /* Alamofire in Frameworks */ = {isa = PBXBuildFile; productRef = EBE888922A3A106F00F5F473 /* Alamofire */; };
		EBE888962A3A10B900F5F473 /* Animal.swift in Sources */ = {isa = PBXBuildFile; fileRef = EBE888952A3A10B900F5F473 /* Animal.swift */; };
		EBE888972A3A10B900F5F473 /* Animal.swift in Sources */ = {isa = PBXBuildFile; fileRef = EBE888952A3A10B900F5F473 /* Animal.swift */; };
		EBE888982A3A10B900F5F473 /* Animal.swift in Sources */ = {isa = PBXBuildFile; fileRef = EBE888952A3A10B900F5F473 /* Animal.swift */; };
		EBE8889F2A3A12E100F5F473 /* Animal+Codable.swift in Sources */ = {isa = PBXBuildFile; fileRef = EBE8889E2A3A12E100F5F473 /* Animal+Codable.swift */; };
		EBE888A02A3A12E100F5F473 /* Animal+Codable.swift in Sources */ = {isa = PBXBuildFile; fileRef = EBE8889E2A3A12E100F5F473 /* Animal+Codable.swift */; };
		EBE888A12A3A12E100F5F473 /* Animal+Codable.swift in Sources */ = {isa = PBXBuildFile; fileRef = EBE8889E2A3A12E100F5F473 /* Animal+Codable.swift */; };
		EBE888A42A3A15C100F5F473 /* NetworkClient.swift in Sources */ = {isa = PBXBuildFile; fileRef = EBE888A32A3A15C100F5F473 /* NetworkClient.swift */; };
		EBE888A52A3A15C100F5F473 /* NetworkClient.swift in Sources */ = {isa = PBXBuildFile; fileRef = EBE888A32A3A15C100F5F473 /* NetworkClient.swift */; };
		EBE888A62A3A15C100F5F473 /* NetworkClient.swift in Sources */ = {isa = PBXBuildFile; fileRef = EBE888A32A3A15C100F5F473 /* NetworkClient.swift */; };
		EBE888A82A3A174900F5F473 /* ServerRequestError.swift in Sources */ = {isa = PBXBuildFile; fileRef = EBE888A72A3A174800F5F473 /* ServerRequestError.swift */; };
		EBE888A92A3A174900F5F473 /* ServerRequestError.swift in Sources */ = {isa = PBXBuildFile; fileRef = EBE888A72A3A174800F5F473 /* ServerRequestError.swift */; };
		EBE888AA2A3A174900F5F473 /* ServerRequestError.swift in Sources */ = {isa = PBXBuildFile; fileRef = EBE888A72A3A174800F5F473 /* ServerRequestError.swift */; };
		EBE888AD2A3A179B00F5F473 /* Config.swift in Sources */ = {isa = PBXBuildFile; fileRef = EBE888AC2A3A179B00F5F473 /* Config.swift */; };
		EBE888AE2A3A179B00F5F473 /* Config.swift in Sources */ = {isa = PBXBuildFile; fileRef = EBE888AC2A3A179B00F5F473 /* Config.swift */; };
		EBE888AF2A3A179B00F5F473 /* Config.swift in Sources */ = {isa = PBXBuildFile; fileRef = EBE888AC2A3A179B00F5F473 /* Config.swift */; };
		EBE888B72A3A1F9500F5F473 /* AuthParameters.swift in Sources */ = {isa = PBXBuildFile; fileRef = EBE888B62A3A1F9500F5F473 /* AuthParameters.swift */; };
		EBE888B82A3A1F9500F5F473 /* AuthParameters.swift in Sources */ = {isa = PBXBuildFile; fileRef = EBE888B62A3A1F9500F5F473 /* AuthParameters.swift */; };
		EBE888B92A3A1F9500F5F473 /* AuthParameters.swift in Sources */ = {isa = PBXBuildFile; fileRef = EBE888B62A3A1F9500F5F473 /* AuthParameters.swift */; };
		EBE888C12A3A209400F5F473 /* Auth.swift in Sources */ = {isa = PBXBuildFile; fileRef = EBE888BC2A3A209400F5F473 /* Auth.swift */; };
		EBE888C22A3A209400F5F473 /* Auth.swift in Sources */ = {isa = PBXBuildFile; fileRef = EBE888BC2A3A209400F5F473 /* Auth.swift */; };
		EBE888C32A3A209400F5F473 /* Auth.swift in Sources */ = {isa = PBXBuildFile; fileRef = EBE888BC2A3A209400F5F473 /* Auth.swift */; };
		EBE888C42A3A209400F5F473 /* Auth+Codable.swift in Sources */ = {isa = PBXBuildFile; fileRef = EBE888BF2A3A209400F5F473 /* Auth+Codable.swift */; };
		EBE888C52A3A209400F5F473 /* Auth+Codable.swift in Sources */ = {isa = PBXBuildFile; fileRef = EBE888BF2A3A209400F5F473 /* Auth+Codable.swift */; };
		EBE888C62A3A209400F5F473 /* Auth+Codable.swift in Sources */ = {isa = PBXBuildFile; fileRef = EBE888BF2A3A209400F5F473 /* Auth+Codable.swift */; };
		EBE888CA2A3A234600F5F473 /* AnimalsListView.swift in Sources */ = {isa = PBXBuildFile; fileRef = EBE888C92A3A234600F5F473 /* AnimalsListView.swift */; };
		EBE888CB2A3A234600F5F473 /* AnimalsListView.swift in Sources */ = {isa = PBXBuildFile; fileRef = EBE888C92A3A234600F5F473 /* AnimalsListView.swift */; };
		EBE888CC2A3A234600F5F473 /* AnimalsListView.swift in Sources */ = {isa = PBXBuildFile; fileRef = EBE888C92A3A234600F5F473 /* AnimalsListView.swift */; };
		EBE888CE2A3A235E00F5F473 /* AnimalsListViewModel.swift in Sources */ = {isa = PBXBuildFile; fileRef = EBE888CD2A3A235E00F5F473 /* AnimalsListViewModel.swift */; };
		EBE888CF2A3A235E00F5F473 /* AnimalsListViewModel.swift in Sources */ = {isa = PBXBuildFile; fileRef = EBE888CD2A3A235E00F5F473 /* AnimalsListViewModel.swift */; };
		EBE888D02A3A235E00F5F473 /* AnimalsListViewModel.swift in Sources */ = {isa = PBXBuildFile; fileRef = EBE888CD2A3A235E00F5F473 /* AnimalsListViewModel.swift */; };
		EBE888D62A3AB83F00F5F473 /* AppDelegate.swift in Sources */ = {isa = PBXBuildFile; fileRef = EBE888D52A3AB83F00F5F473 /* AppDelegate.swift */; };
		EBE888D72A3AB83F00F5F473 /* AppDelegate.swift in Sources */ = {isa = PBXBuildFile; fileRef = EBE888D52A3AB83F00F5F473 /* AppDelegate.swift */; };
		EBE888D82A3AB83F00F5F473 /* AppDelegate.swift in Sources */ = {isa = PBXBuildFile; fileRef = EBE888D52A3AB83F00F5F473 /* AppDelegate.swift */; };
		EBE888DF2A3ACF3B00F5F473 /* AuthService.swift in Sources */ = {isa = PBXBuildFile; fileRef = EBE888DE2A3ACF3B00F5F473 /* AuthService.swift */; };
		EBE888E02A3ACF3B00F5F473 /* AuthService.swift in Sources */ = {isa = PBXBuildFile; fileRef = EBE888DE2A3ACF3B00F5F473 /* AuthService.swift */; };
		EBE888E12A3ACF3B00F5F473 /* AuthService.swift in Sources */ = {isa = PBXBuildFile; fileRef = EBE888DE2A3ACF3B00F5F473 /* AuthService.swift */; };
		EBE888E32A3AD10E00F5F473 /* AuthService+Keychain.swift in Sources */ = {isa = PBXBuildFile; fileRef = EBE888E22A3AD10E00F5F473 /* AuthService+Keychain.swift */; };
		EBE888E42A3AD10E00F5F473 /* AuthService+Keychain.swift in Sources */ = {isa = PBXBuildFile; fileRef = EBE888E22A3AD10E00F5F473 /* AuthService+Keychain.swift */; };
		EBE888E52A3AD10E00F5F473 /* AuthService+Keychain.swift in Sources */ = {isa = PBXBuildFile; fileRef = EBE888E22A3AD10E00F5F473 /* AuthService+Keychain.swift */; };
		EBE888E72A3AE2A600F5F473 /* AnimalResponse.swift in Sources */ = {isa = PBXBuildFile; fileRef = EBE888E62A3AE2A600F5F473 /* AnimalResponse.swift */; };
		EBE888E82A3AE2A600F5F473 /* AnimalResponse.swift in Sources */ = {isa = PBXBuildFile; fileRef = EBE888E62A3AE2A600F5F473 /* AnimalResponse.swift */; };
		EBE888E92A3AE2A600F5F473 /* AnimalResponse.swift in Sources */ = {isa = PBXBuildFile; fileRef = EBE888E62A3AE2A600F5F473 /* AnimalResponse.swift */; };
		EBE888EB2A3AE33400F5F473 /* AnimalResponse+Codable.swift in Sources */ = {isa = PBXBuildFile; fileRef = EBE888EA2A3AE33400F5F473 /* AnimalResponse+Codable.swift */; };
		EBE888EC2A3AE33400F5F473 /* AnimalResponse+Codable.swift in Sources */ = {isa = PBXBuildFile; fileRef = EBE888EA2A3AE33400F5F473 /* AnimalResponse+Codable.swift */; };
		EBE888ED2A3AE33400F5F473 /* AnimalResponse+Codable.swift in Sources */ = {isa = PBXBuildFile; fileRef = EBE888EA2A3AE33400F5F473 /* AnimalResponse+Codable.swift */; };
		EBE888F42A3AF71700F5F473 /* AnimalResponsePagination.swift in Sources */ = {isa = PBXBuildFile; fileRef = EBE888F32A3AF71700F5F473 /* AnimalResponsePagination.swift */; };
		EBE888F52A3AF71700F5F473 /* AnimalResponsePagination.swift in Sources */ = {isa = PBXBuildFile; fileRef = EBE888F32A3AF71700F5F473 /* AnimalResponsePagination.swift */; };
		EBE888F62A3AF71700F5F473 /* AnimalResponsePagination.swift in Sources */ = {isa = PBXBuildFile; fileRef = EBE888F32A3AF71700F5F473 /* AnimalResponsePagination.swift */; };
		EBE888F82A3AF7BC00F5F473 /* AnimalResponsePagination+Codable.swift in Sources */ = {isa = PBXBuildFile; fileRef = EBE888F72A3AF7BC00F5F473 /* AnimalResponsePagination+Codable.swift */; };
		EBE888F92A3AF7BC00F5F473 /* AnimalResponsePagination+Codable.swift in Sources */ = {isa = PBXBuildFile; fileRef = EBE888F72A3AF7BC00F5F473 /* AnimalResponsePagination+Codable.swift */; };
		EBE888FA2A3AF7BC00F5F473 /* AnimalResponsePagination+Codable.swift in Sources */ = {isa = PBXBuildFile; fileRef = EBE888F72A3AF7BC00F5F473 /* AnimalResponsePagination+Codable.swift */; };
		EBE888FD2A3AF9F200F5F473 /* AnimalType.swift in Sources */ = {isa = PBXBuildFile; fileRef = EBE888FC2A3AF9F200F5F473 /* AnimalType.swift */; };
		EBE888FE2A3AF9F200F5F473 /* AnimalType.swift in Sources */ = {isa = PBXBuildFile; fileRef = EBE888FC2A3AF9F200F5F473 /* AnimalType.swift */; };
		EBE888FF2A3AF9F200F5F473 /* AnimalType.swift in Sources */ = {isa = PBXBuildFile; fileRef = EBE888FC2A3AF9F200F5F473 /* AnimalType.swift */; };
		EBE889012A3AFB1600F5F473 /* AnimalGender.swift in Sources */ = {isa = PBXBuildFile; fileRef = EBE889002A3AFB1600F5F473 /* AnimalGender.swift */; };
		EBE889022A3AFB1600F5F473 /* AnimalGender.swift in Sources */ = {isa = PBXBuildFile; fileRef = EBE889002A3AFB1600F5F473 /* AnimalGender.swift */; };
		EBE889032A3AFB1600F5F473 /* AnimalGender.swift in Sources */ = {isa = PBXBuildFile; fileRef = EBE889002A3AFB1600F5F473 /* AnimalGender.swift */; };
		EBE889062A3AFC7A00F5F473 /* AnimalBreeds.swift in Sources */ = {isa = PBXBuildFile; fileRef = EBE889052A3AFC7A00F5F473 /* AnimalBreeds.swift */; };
		EBE889072A3AFC7A00F5F473 /* AnimalBreeds.swift in Sources */ = {isa = PBXBuildFile; fileRef = EBE889052A3AFC7A00F5F473 /* AnimalBreeds.swift */; };
		EBE889082A3AFC7A00F5F473 /* AnimalBreeds.swift in Sources */ = {isa = PBXBuildFile; fileRef = EBE889052A3AFC7A00F5F473 /* AnimalBreeds.swift */; };
		EBE8890A2A3AFCD800F5F473 /* AnimalBreeds+Codable.swift in Sources */ = {isa = PBXBuildFile; fileRef = EBE889092A3AFCD800F5F473 /* AnimalBreeds+Codable.swift */; };
		EBE8890B2A3AFCD800F5F473 /* AnimalBreeds+Codable.swift in Sources */ = {isa = PBXBuildFile; fileRef = EBE889092A3AFCD800F5F473 /* AnimalBreeds+Codable.swift */; };
		EBE8890C2A3AFCD800F5F473 /* AnimalBreeds+Codable.swift in Sources */ = {isa = PBXBuildFile; fileRef = EBE889092A3AFCD800F5F473 /* AnimalBreeds+Codable.swift */; };
		EBE889122A3AFF6C00F5F473 /* AnimalColors.swift in Sources */ = {isa = PBXBuildFile; fileRef = EBE889112A3AFF6C00F5F473 /* AnimalColors.swift */; };
		EBE889132A3AFF6C00F5F473 /* AnimalColors.swift in Sources */ = {isa = PBXBuildFile; fileRef = EBE889112A3AFF6C00F5F473 /* AnimalColors.swift */; };
		EBE889142A3AFF6C00F5F473 /* AnimalColors.swift in Sources */ = {isa = PBXBuildFile; fileRef = EBE889112A3AFF6C00F5F473 /* AnimalColors.swift */; };
		EBE889162A3B000400F5F473 /* AnimalColors+Codable.swift in Sources */ = {isa = PBXBuildFile; fileRef = EBE889152A3B000400F5F473 /* AnimalColors+Codable.swift */; };
		EBE889172A3B000400F5F473 /* AnimalColors+Codable.swift in Sources */ = {isa = PBXBuildFile; fileRef = EBE889152A3B000400F5F473 /* AnimalColors+Codable.swift */; };
		EBE889182A3B000400F5F473 /* AnimalColors+Codable.swift in Sources */ = {isa = PBXBuildFile; fileRef = EBE889152A3B000400F5F473 /* AnimalColors+Codable.swift */; };
		EBE8891A2A3B012900F5F473 /* AnimalAge.swift in Sources */ = {isa = PBXBuildFile; fileRef = EBE889192A3B012900F5F473 /* AnimalAge.swift */; };
		EBE8891B2A3B012900F5F473 /* AnimalAge.swift in Sources */ = {isa = PBXBuildFile; fileRef = EBE889192A3B012900F5F473 /* AnimalAge.swift */; };
		EBE8891C2A3B012900F5F473 /* AnimalAge.swift in Sources */ = {isa = PBXBuildFile; fileRef = EBE889192A3B012900F5F473 /* AnimalAge.swift */; };
		EBE8891E2A3B020800F5F473 /* AnimalSize.swift in Sources */ = {isa = PBXBuildFile; fileRef = EBE8891D2A3B020800F5F473 /* AnimalSize.swift */; };
		EBE8891F2A3B020800F5F473 /* AnimalSize.swift in Sources */ = {isa = PBXBuildFile; fileRef = EBE8891D2A3B020800F5F473 /* AnimalSize.swift */; };
		EBE889202A3B020800F5F473 /* AnimalSize.swift in Sources */ = {isa = PBXBuildFile; fileRef = EBE8891D2A3B020800F5F473 /* AnimalSize.swift */; };
		EBE889262A3B056300F5F473 /* AnimalPhoto.swift in Sources */ = {isa = PBXBuildFile; fileRef = EBE889252A3B056300F5F473 /* AnimalPhoto.swift */; };
		EBE889272A3B056300F5F473 /* AnimalPhoto.swift in Sources */ = {isa = PBXBuildFile; fileRef = EBE889252A3B056300F5F473 /* AnimalPhoto.swift */; };
		EBE889282A3B056300F5F473 /* AnimalPhoto.swift in Sources */ = {isa = PBXBuildFile; fileRef = EBE889252A3B056300F5F473 /* AnimalPhoto.swift */; };
		EBE8892A2A3B05B400F5F473 /* AnimalPhoto+Codable.swift in Sources */ = {isa = PBXBuildFile; fileRef = EBE889292A3B05B400F5F473 /* AnimalPhoto+Codable.swift */; };
		EBE8892B2A3B05B400F5F473 /* AnimalPhoto+Codable.swift in Sources */ = {isa = PBXBuildFile; fileRef = EBE889292A3B05B400F5F473 /* AnimalPhoto+Codable.swift */; };
		EBE8892C2A3B05B400F5F473 /* AnimalPhoto+Codable.swift in Sources */ = {isa = PBXBuildFile; fileRef = EBE889292A3B05B400F5F473 /* AnimalPhoto+Codable.swift */; };
		EBE8892E2A3B06F300F5F473 /* AnimalContact.swift in Sources */ = {isa = PBXBuildFile; fileRef = EBE8892D2A3B06F300F5F473 /* AnimalContact.swift */; };
		EBE8892F2A3B06F300F5F473 /* AnimalContact.swift in Sources */ = {isa = PBXBuildFile; fileRef = EBE8892D2A3B06F300F5F473 /* AnimalContact.swift */; };
		EBE889302A3B06F300F5F473 /* AnimalContact.swift in Sources */ = {isa = PBXBuildFile; fileRef = EBE8892D2A3B06F300F5F473 /* AnimalContact.swift */; };
		EBE889322A3B073400F5F473 /* AnimalContactAddress.swift in Sources */ = {isa = PBXBuildFile; fileRef = EBE889312A3B073400F5F473 /* AnimalContactAddress.swift */; };
		EBE889332A3B073400F5F473 /* AnimalContactAddress.swift in Sources */ = {isa = PBXBuildFile; fileRef = EBE889312A3B073400F5F473 /* AnimalContactAddress.swift */; };
		EBE889342A3B073400F5F473 /* AnimalContactAddress.swift in Sources */ = {isa = PBXBuildFile; fileRef = EBE889312A3B073400F5F473 /* AnimalContactAddress.swift */; };
		EBE889362A3B08FC00F5F473 /* AnimalContactAddress+Codable.swift in Sources */ = {isa = PBXBuildFile; fileRef = EBE889352A3B08FC00F5F473 /* AnimalContactAddress+Codable.swift */; };
		EBE889372A3B08FC00F5F473 /* AnimalContactAddress+Codable.swift in Sources */ = {isa = PBXBuildFile; fileRef = EBE889352A3B08FC00F5F473 /* AnimalContactAddress+Codable.swift */; };
		EBE889382A3B08FC00F5F473 /* AnimalContactAddress+Codable.swift in Sources */ = {isa = PBXBuildFile; fileRef = EBE889352A3B08FC00F5F473 /* AnimalContactAddress+Codable.swift */; };
		EBE8893A2A3B09D900F5F473 /* AnimalContact+Codable.swift in Sources */ = {isa = PBXBuildFile; fileRef = EBE889392A3B09D900F5F473 /* AnimalContact+Codable.swift */; };
		EBE8893B2A3B09D900F5F473 /* AnimalContact+Codable.swift in Sources */ = {isa = PBXBuildFile; fileRef = EBE889392A3B09D900F5F473 /* AnimalContact+Codable.swift */; };
		EBE8893C2A3B09D900F5F473 /* AnimalContact+Codable.swift in Sources */ = {isa = PBXBuildFile; fileRef = EBE889392A3B09D900F5F473 /* AnimalContact+Codable.swift */; };
		EBE889442A3B187700F5F473 /* Color+Custom.swift in Sources */ = {isa = PBXBuildFile; fileRef = EBE889432A3B187700F5F473 /* Color+Custom.swift */; };
		EBE889452A3B187700F5F473 /* Color+Custom.swift in Sources */ = {isa = PBXBuildFile; fileRef = EBE889432A3B187700F5F473 /* Color+Custom.swift */; };
		EBE889462A3B187700F5F473 /* Color+Custom.swift in Sources */ = {isa = PBXBuildFile; fileRef = EBE889432A3B187700F5F473 /* Color+Custom.swift */; };
		EBE889482A3B19D600F5F473 /* ColorCategory.swift in Sources */ = {isa = PBXBuildFile; fileRef = EBE889472A3B19D600F5F473 /* ColorCategory.swift */; };
		EBE889492A3B19D600F5F473 /* ColorCategory.swift in Sources */ = {isa = PBXBuildFile; fileRef = EBE889472A3B19D600F5F473 /* ColorCategory.swift */; };
		EBE8894A2A3B19D600F5F473 /* ColorCategory.swift in Sources */ = {isa = PBXBuildFile; fileRef = EBE889472A3B19D600F5F473 /* ColorCategory.swift */; };
		EBE889542A3B394200F5F473 /* Sailec Bold.ttf in Resources */ = {isa = PBXBuildFile; fileRef = EBE889532A3B374F00F5F473 /* Sailec Bold.ttf */; };
		EBE889552A3B394500F5F473 /* Sailec Medium.otf in Resources */ = {isa = PBXBuildFile; fileRef = EBE889502A3B323D00F5F473 /* Sailec Medium.otf */; };
		EBE889562A3B394D00F5F473 /* Sailec Regular.otf in Resources */ = {isa = PBXBuildFile; fileRef = EBE889512A3B323D00F5F473 /* Sailec Regular.otf */; };
		EBE889592A3B450900F5F473 /* Kingfisher in Frameworks */ = {isa = PBXBuildFile; productRef = EBE889582A3B450900F5F473 /* Kingfisher */; };
		EBE8895F2A3B4C9E00F5F473 /* AnimalDetailView.swift in Sources */ = {isa = PBXBuildFile; fileRef = EBE8895E2A3B4C9E00F5F473 /* AnimalDetailView.swift */; };
		EBE889612A3B4CD300F5F473 /* AnimalDetailViewModel.swift in Sources */ = {isa = PBXBuildFile; fileRef = EBE889602A3B4CD300F5F473 /* AnimalDetailViewModel.swift */; };
		EBE8896B2A3B5AD900F5F473 /* ScrollKit in Frameworks */ = {isa = PBXBuildFile; productRef = EBE8896A2A3B5AD900F5F473 /* ScrollKit */; };
/* End PBXBuildFile section */

/* Begin PBXContainerItemProxy section */
		EBE888642A39FA3500F5F473 /* PBXContainerItemProxy */ = {
			isa = PBXContainerItemProxy;
			containerPortal = EBE8884B2A39FA3300F5F473 /* Project object */;
			proxyType = 1;
			remoteGlobalIDString = EBE888522A39FA3300F5F473;
			remoteInfo = "mvvm-combine-swiftui-test";
		};
		EBE8886E2A39FA3500F5F473 /* PBXContainerItemProxy */ = {
			isa = PBXContainerItemProxy;
			containerPortal = EBE8884B2A39FA3300F5F473 /* Project object */;
			proxyType = 1;
			remoteGlobalIDString = EBE888522A39FA3300F5F473;
			remoteInfo = "mvvm-combine-swiftui-test";
		};
/* End PBXContainerItemProxy section */

/* Begin PBXFileReference section */
		EBE888532A39FA3300F5F473 /* mvvm-combine-swiftui-test.app */ = {isa = PBXFileReference; explicitFileType = wrapper.application; includeInIndex = 0; path = "mvvm-combine-swiftui-test.app"; sourceTree = BUILT_PRODUCTS_DIR; };
		EBE888582A39FA3300F5F473 /* ContentView.swift */ = {isa = PBXFileReference; lastKnownFileType = sourcecode.swift; path = ContentView.swift; sourceTree = "<group>"; };
		EBE8885A2A39FA3500F5F473 /* Assets.xcassets */ = {isa = PBXFileReference; lastKnownFileType = folder.assetcatalog; path = Assets.xcassets; sourceTree = "<group>"; };
		EBE888632A39FA3500F5F473 /* mvvm-combine-swiftui-testTests.xctest */ = {isa = PBXFileReference; explicitFileType = wrapper.cfbundle; includeInIndex = 0; path = "mvvm-combine-swiftui-testTests.xctest"; sourceTree = BUILT_PRODUCTS_DIR; };
		EBE888672A39FA3500F5F473 /* mvvm_combine_swiftui_testTests.swift */ = {isa = PBXFileReference; lastKnownFileType = sourcecode.swift; path = mvvm_combine_swiftui_testTests.swift; sourceTree = "<group>"; };
		EBE8886D2A39FA3500F5F473 /* mvvm-combine-swiftui-testUITests.xctest */ = {isa = PBXFileReference; explicitFileType = wrapper.cfbundle; includeInIndex = 0; path = "mvvm-combine-swiftui-testUITests.xctest"; sourceTree = BUILT_PRODUCTS_DIR; };
		EBE888712A39FA3500F5F473 /* mvvm_combine_swiftui_testUITests.swift */ = {isa = PBXFileReference; lastKnownFileType = sourcecode.swift; path = mvvm_combine_swiftui_testUITests.swift; sourceTree = "<group>"; };
		EBE888732A39FA3500F5F473 /* mvvm_combine_swiftui_testUITestsLaunchTests.swift */ = {isa = PBXFileReference; lastKnownFileType = sourcecode.swift; path = mvvm_combine_swiftui_testUITestsLaunchTests.swift; sourceTree = "<group>"; };
		EBE888882A39FF9300F5F473 /* mvvm_combine_swiftui_testApp.swift */ = {isa = PBXFileReference; fileEncoding = 4; lastKnownFileType = sourcecode.swift; path = mvvm_combine_swiftui_testApp.swift; sourceTree = "<group>"; };
		EBE888892A39FF9300F5F473 /* Colors.xcassets */ = {isa = PBXFileReference; lastKnownFileType = folder.assetcatalog; path = Colors.xcassets; sourceTree = "<group>"; };
		EBE888952A3A10B900F5F473 /* Animal.swift */ = {isa = PBXFileReference; lastKnownFileType = sourcecode.swift; path = Animal.swift; sourceTree = "<group>"; };
		EBE8889E2A3A12E100F5F473 /* Animal+Codable.swift */ = {isa = PBXFileReference; lastKnownFileType = sourcecode.swift; path = "Animal+Codable.swift"; sourceTree = "<group>"; };
		EBE888A32A3A15C100F5F473 /* NetworkClient.swift */ = {isa = PBXFileReference; lastKnownFileType = sourcecode.swift; path = NetworkClient.swift; sourceTree = "<group>"; };
		EBE888A72A3A174800F5F473 /* ServerRequestError.swift */ = {isa = PBXFileReference; lastKnownFileType = sourcecode.swift; path = ServerRequestError.swift; sourceTree = "<group>"; };
		EBE888AC2A3A179B00F5F473 /* Config.swift */ = {isa = PBXFileReference; lastKnownFileType = sourcecode.swift; path = Config.swift; sourceTree = "<group>"; };
		EBE888B62A3A1F9500F5F473 /* AuthParameters.swift */ = {isa = PBXFileReference; lastKnownFileType = sourcecode.swift; path = AuthParameters.swift; sourceTree = "<group>"; };
		EBE888BC2A3A209400F5F473 /* Auth.swift */ = {isa = PBXFileReference; fileEncoding = 4; lastKnownFileType = sourcecode.swift; path = Auth.swift; sourceTree = "<group>"; };
		EBE888BF2A3A209400F5F473 /* Auth+Codable.swift */ = {isa = PBXFileReference; fileEncoding = 4; lastKnownFileType = sourcecode.swift; path = "Auth+Codable.swift"; sourceTree = "<group>"; };
		EBE888C92A3A234600F5F473 /* AnimalsListView.swift */ = {isa = PBXFileReference; lastKnownFileType = sourcecode.swift; path = AnimalsListView.swift; sourceTree = "<group>"; };
		EBE888CD2A3A235E00F5F473 /* AnimalsListViewModel.swift */ = {isa = PBXFileReference; lastKnownFileType = sourcecode.swift; path = AnimalsListViewModel.swift; sourceTree = "<group>"; };
		EBE888D52A3AB83F00F5F473 /* AppDelegate.swift */ = {isa = PBXFileReference; lastKnownFileType = sourcecode.swift; path = AppDelegate.swift; sourceTree = "<group>"; };
		EBE888DE2A3ACF3B00F5F473 /* AuthService.swift */ = {isa = PBXFileReference; lastKnownFileType = sourcecode.swift; path = AuthService.swift; sourceTree = "<group>"; };
		EBE888E22A3AD10E00F5F473 /* AuthService+Keychain.swift */ = {isa = PBXFileReference; lastKnownFileType = sourcecode.swift; path = "AuthService+Keychain.swift"; sourceTree = "<group>"; };
		EBE888E62A3AE2A600F5F473 /* AnimalResponse.swift */ = {isa = PBXFileReference; lastKnownFileType = sourcecode.swift; path = AnimalResponse.swift; sourceTree = "<group>"; };
		EBE888EA2A3AE33400F5F473 /* AnimalResponse+Codable.swift */ = {isa = PBXFileReference; lastKnownFileType = sourcecode.swift; path = "AnimalResponse+Codable.swift"; sourceTree = "<group>"; };
		EBE888F32A3AF71700F5F473 /* AnimalResponsePagination.swift */ = {isa = PBXFileReference; lastKnownFileType = sourcecode.swift; path = AnimalResponsePagination.swift; sourceTree = "<group>"; };
		EBE888F72A3AF7BC00F5F473 /* AnimalResponsePagination+Codable.swift */ = {isa = PBXFileReference; lastKnownFileType = sourcecode.swift; path = "AnimalResponsePagination+Codable.swift"; sourceTree = "<group>"; };
		EBE888FC2A3AF9F200F5F473 /* AnimalType.swift */ = {isa = PBXFileReference; lastKnownFileType = sourcecode.swift; path = AnimalType.swift; sourceTree = "<group>"; };
		EBE889002A3AFB1600F5F473 /* AnimalGender.swift */ = {isa = PBXFileReference; lastKnownFileType = sourcecode.swift; path = AnimalGender.swift; sourceTree = "<group>"; };
		EBE889052A3AFC7A00F5F473 /* AnimalBreeds.swift */ = {isa = PBXFileReference; lastKnownFileType = sourcecode.swift; path = AnimalBreeds.swift; sourceTree = "<group>"; };
		EBE889092A3AFCD800F5F473 /* AnimalBreeds+Codable.swift */ = {isa = PBXFileReference; lastKnownFileType = sourcecode.swift; path = "AnimalBreeds+Codable.swift"; sourceTree = "<group>"; };
		EBE889112A3AFF6C00F5F473 /* AnimalColors.swift */ = {isa = PBXFileReference; lastKnownFileType = sourcecode.swift; path = AnimalColors.swift; sourceTree = "<group>"; };
		EBE889152A3B000400F5F473 /* AnimalColors+Codable.swift */ = {isa = PBXFileReference; lastKnownFileType = sourcecode.swift; path = "AnimalColors+Codable.swift"; sourceTree = "<group>"; };
		EBE889192A3B012900F5F473 /* AnimalAge.swift */ = {isa = PBXFileReference; lastKnownFileType = sourcecode.swift; path = AnimalAge.swift; sourceTree = "<group>"; };
		EBE8891D2A3B020800F5F473 /* AnimalSize.swift */ = {isa = PBXFileReference; lastKnownFileType = sourcecode.swift; path = AnimalSize.swift; sourceTree = "<group>"; };
		EBE889252A3B056300F5F473 /* AnimalPhoto.swift */ = {isa = PBXFileReference; lastKnownFileType = sourcecode.swift; path = AnimalPhoto.swift; sourceTree = "<group>"; };
		EBE889292A3B05B400F5F473 /* AnimalPhoto+Codable.swift */ = {isa = PBXFileReference; lastKnownFileType = sourcecode.swift; path = "AnimalPhoto+Codable.swift"; sourceTree = "<group>"; };
		EBE8892D2A3B06F300F5F473 /* AnimalContact.swift */ = {isa = PBXFileReference; lastKnownFileType = sourcecode.swift; path = AnimalContact.swift; sourceTree = "<group>"; };
		EBE889312A3B073400F5F473 /* AnimalContactAddress.swift */ = {isa = PBXFileReference; lastKnownFileType = sourcecode.swift; path = AnimalContactAddress.swift; sourceTree = "<group>"; };
		EBE889352A3B08FC00F5F473 /* AnimalContactAddress+Codable.swift */ = {isa = PBXFileReference; lastKnownFileType = sourcecode.swift; path = "AnimalContactAddress+Codable.swift"; sourceTree = "<group>"; };
		EBE889392A3B09D900F5F473 /* AnimalContact+Codable.swift */ = {isa = PBXFileReference; lastKnownFileType = sourcecode.swift; path = "AnimalContact+Codable.swift"; sourceTree = "<group>"; };
		EBE889432A3B187700F5F473 /* Color+Custom.swift */ = {isa = PBXFileReference; lastKnownFileType = sourcecode.swift; path = "Color+Custom.swift"; sourceTree = "<group>"; };
		EBE889472A3B19D600F5F473 /* ColorCategory.swift */ = {isa = PBXFileReference; lastKnownFileType = sourcecode.swift; path = ColorCategory.swift; sourceTree = "<group>"; };
		EBE889502A3B323D00F5F473 /* Sailec Medium.otf */ = {isa = PBXFileReference; lastKnownFileType = file; path = "Sailec Medium.otf"; sourceTree = "<group>"; };
		EBE889512A3B323D00F5F473 /* Sailec Regular.otf */ = {isa = PBXFileReference; lastKnownFileType = file; path = "Sailec Regular.otf"; sourceTree = "<group>"; };
		EBE889522A3B328A00F5F473 /* Info.plist */ = {isa = PBXFileReference; lastKnownFileType = text.plist; path = Info.plist; sourceTree = "<group>"; };
		EBE889532A3B374F00F5F473 /* Sailec Bold.ttf */ = {isa = PBXFileReference; lastKnownFileType = file; path = "Sailec Bold.ttf"; sourceTree = "<group>"; };
		EBE8895E2A3B4C9E00F5F473 /* AnimalDetailView.swift */ = {isa = PBXFileReference; lastKnownFileType = sourcecode.swift; path = AnimalDetailView.swift; sourceTree = "<group>"; };
		EBE889602A3B4CD300F5F473 /* AnimalDetailViewModel.swift */ = {isa = PBXFileReference; lastKnownFileType = sourcecode.swift; path = AnimalDetailViewModel.swift; sourceTree = "<group>"; };
/* End PBXFileReference section */

/* Begin PBXFrameworksBuildPhase section */
		EBE888502A39FA3300F5F473 /* Frameworks */ = {
			isa = PBXFrameworksBuildPhase;
			buildActionMask = 2147483647;
			files = (
				EBE8896B2A3B5AD900F5F473 /* ScrollKit in Frameworks */,
				EBE889592A3B450900F5F473 /* Kingfisher in Frameworks */,
				EBE888932A3A106F00F5F473 /* Alamofire in Frameworks */,
			);
			runOnlyForDeploymentPostprocessing = 0;
		};
		EBE888602A39FA3500F5F473 /* Frameworks */ = {
			isa = PBXFrameworksBuildPhase;
			buildActionMask = 2147483647;
			files = (
			);
			runOnlyForDeploymentPostprocessing = 0;
		};
		EBE8886A2A39FA3500F5F473 /* Frameworks */ = {
			isa = PBXFrameworksBuildPhase;
			buildActionMask = 2147483647;
			files = (
			);
			runOnlyForDeploymentPostprocessing = 0;
		};
/* End PBXFrameworksBuildPhase section */

/* Begin PBXGroup section */
		EBE8884A2A39FA3300F5F473 = {
			isa = PBXGroup;
			children = (
				EBE888552A39FA3300F5F473 /* mvvm-combine-swiftui-test */,
				EBE888662A39FA3500F5F473 /* mvvm-combine-swiftui-testTests */,
				EBE888702A39FA3500F5F473 /* mvvm-combine-swiftui-testUITests */,
				EBE888542A39FA3300F5F473 /* Products */,
			);
			sourceTree = "<group>";
		};
		EBE888542A39FA3300F5F473 /* Products */ = {
			isa = PBXGroup;
			children = (
				EBE888532A39FA3300F5F473 /* mvvm-combine-swiftui-test.app */,
				EBE888632A39FA3500F5F473 /* mvvm-combine-swiftui-testTests.xctest */,
				EBE8886D2A39FA3500F5F473 /* mvvm-combine-swiftui-testUITests.xctest */,
			);
			name = Products;
			sourceTree = "<group>";
		};
		EBE888552A39FA3300F5F473 /* mvvm-combine-swiftui-test */ = {
			isa = PBXGroup;
			children = (
				EBE889522A3B328A00F5F473 /* Info.plist */,
				EBE889422A3B182800F5F473 /* Extensions */,
				EBE8893D2A3B160800F5F473 /* Resources */,
				EBE888DD2A3ACF2900F5F473 /* AuthService */,
				EBE888C72A3A22CE00F5F473 /* Views */,
				EBE888AB2A3A177400F5F473 /* Config */,
				EBE888A22A3A148E00F5F473 /* Network */,
				EBE888942A3A108A00F5F473 /* Models */,
				EBE888882A39FF9300F5F473 /* mvvm_combine_swiftui_testApp.swift */,
				EBE888582A39FA3300F5F473 /* ContentView.swift */,
				EBE888D52A3AB83F00F5F473 /* AppDelegate.swift */,
			);
			path = "mvvm-combine-swiftui-test";
			sourceTree = "<group>";
		};
		EBE888662A39FA3500F5F473 /* mvvm-combine-swiftui-testTests */ = {
			isa = PBXGroup;
			children = (
				EBE888672A39FA3500F5F473 /* mvvm_combine_swiftui_testTests.swift */,
			);
			path = "mvvm-combine-swiftui-testTests";
			sourceTree = "<group>";
		};
		EBE888702A39FA3500F5F473 /* mvvm-combine-swiftui-testUITests */ = {
			isa = PBXGroup;
			children = (
				EBE888712A39FA3500F5F473 /* mvvm_combine_swiftui_testUITests.swift */,
				EBE888732A39FA3500F5F473 /* mvvm_combine_swiftui_testUITestsLaunchTests.swift */,
			);
			path = "mvvm-combine-swiftui-testUITests";
			sourceTree = "<group>";
		};
		EBE8888A2A39FF9300F5F473 /* Preview Content */ = {
			isa = PBXGroup;
			children = (
			);
			path = "Preview Content";
			sourceTree = "<group>";
		};
		EBE888942A3A108A00F5F473 /* Models */ = {
			isa = PBXGroup;
			children = (
				EBE888B52A3A1F2A00F5F473 /* Parameters */,
				EBE888B42A3A1F0A00F5F473 /* Models */,
				EBE888A72A3A174800F5F473 /* ServerRequestError.swift */,
			);
			path = Models;
			sourceTree = "<group>";
		};
		EBE888992A3A110F00F5F473 /* Animals */ = {
			isa = PBXGroup;
			children = (
				EBE889042A3AFC5900F5F473 /* Structs */,
				EBE888FB2A3AF9CD00F5F473 /* Enums */,
				EBE8889B2A3A112A00F5F473 /* Extensions */,
				EBE8889A2A3A111800F5F473 /* Concrete */,
			);
			path = Animals;
			sourceTree = "<group>";
		};
		EBE8889A2A3A111800F5F473 /* Concrete */ = {
			isa = PBXGroup;
			children = (
				EBE888952A3A10B900F5F473 /* Animal.swift */,
				EBE888E62A3AE2A600F5F473 /* AnimalResponse.swift */,
				EBE888F32A3AF71700F5F473 /* AnimalResponsePagination.swift */,
			);
			path = Concrete;
			sourceTree = "<group>";
		};
		EBE8889B2A3A112A00F5F473 /* Extensions */ = {
			isa = PBXGroup;
			children = (
				EBE8889D2A3A114B00F5F473 /* Equatable */,
				EBE8889C2A3A113E00F5F473 /* Codable */,
			);
			path = Extensions;
			sourceTree = "<group>";
		};
		EBE8889C2A3A113E00F5F473 /* Codable */ = {
			isa = PBXGroup;
			children = (
				EBE8889E2A3A12E100F5F473 /* Animal+Codable.swift */,
				EBE888EA2A3AE33400F5F473 /* AnimalResponse+Codable.swift */,
				EBE888F72A3AF7BC00F5F473 /* AnimalResponsePagination+Codable.swift */,
				EBE889092A3AFCD800F5F473 /* AnimalBreeds+Codable.swift */,
				EBE889152A3B000400F5F473 /* AnimalColors+Codable.swift */,
				EBE889292A3B05B400F5F473 /* AnimalPhoto+Codable.swift */,
				EBE889352A3B08FC00F5F473 /* AnimalContactAddress+Codable.swift */,
				EBE889392A3B09D900F5F473 /* AnimalContact+Codable.swift */,
			);
			path = Codable;
			sourceTree = "<group>";
		};
		EBE8889D2A3A114B00F5F473 /* Equatable */ = {
			isa = PBXGroup;
			children = (
			);
			path = Equatable;
			sourceTree = "<group>";
		};
		EBE888A22A3A148E00F5F473 /* Network */ = {
			isa = PBXGroup;
			children = (
				EBE888A32A3A15C100F5F473 /* NetworkClient.swift */,
			);
			path = Network;
			sourceTree = "<group>";
		};
		EBE888AB2A3A177400F5F473 /* Config */ = {
			isa = PBXGroup;
			children = (
				EBE888AC2A3A179B00F5F473 /* Config.swift */,
			);
			path = Config;
			sourceTree = "<group>";
		};
		EBE888B42A3A1F0A00F5F473 /* Models */ = {
			isa = PBXGroup;
			children = (
				EBE888BA2A3A209400F5F473 /* Auth */,
				EBE888992A3A110F00F5F473 /* Animals */,
			);
			path = Models;
			sourceTree = "<group>";
		};
		EBE888B52A3A1F2A00F5F473 /* Parameters */ = {
			isa = PBXGroup;
			children = (
				EBE888B62A3A1F9500F5F473 /* AuthParameters.swift */,
			);
			path = Parameters;
			sourceTree = "<group>";
		};
		EBE888BA2A3A209400F5F473 /* Auth */ = {
			isa = PBXGroup;
			children = (
				EBE888BB2A3A209400F5F473 /* Concrete */,
				EBE888BD2A3A209400F5F473 /* Extensions */,
			);
			path = Auth;
			sourceTree = "<group>";
		};
		EBE888BB2A3A209400F5F473 /* Concrete */ = {
			isa = PBXGroup;
			children = (
				EBE888BC2A3A209400F5F473 /* Auth.swift */,
			);
			path = Concrete;
			sourceTree = "<group>";
		};
		EBE888BD2A3A209400F5F473 /* Extensions */ = {
			isa = PBXGroup;
			children = (
				EBE888BE2A3A209400F5F473 /* Codable */,
				EBE888C02A3A209400F5F473 /* Equatable */,
			);
			path = Extensions;
			sourceTree = "<group>";
		};
		EBE888BE2A3A209400F5F473 /* Codable */ = {
			isa = PBXGroup;
			children = (
				EBE888BF2A3A209400F5F473 /* Auth+Codable.swift */,
			);
			path = Codable;
			sourceTree = "<group>";
		};
		EBE888C02A3A209400F5F473 /* Equatable */ = {
			isa = PBXGroup;
			children = (
			);
			path = Equatable;
			sourceTree = "<group>";
		};
		EBE888C72A3A22CE00F5F473 /* Views */ = {
			isa = PBXGroup;
			children = (
				EBE8895D2A3B4C8600F5F473 /* AnimalDetail */,
				EBE888C82A3A22D600F5F473 /* AnimalsList */,
			);
			path = Views;
			sourceTree = "<group>";
		};
		EBE888C82A3A22D600F5F473 /* AnimalsList */ = {
			isa = PBXGroup;
			children = (
				EBE888C92A3A234600F5F473 /* AnimalsListView.swift */,
				EBE888CD2A3A235E00F5F473 /* AnimalsListViewModel.swift */,
			);
			path = AnimalsList;
			sourceTree = "<group>";
		};
		EBE888DD2A3ACF2900F5F473 /* AuthService */ = {
			isa = PBXGroup;
			children = (
				EBE888DE2A3ACF3B00F5F473 /* AuthService.swift */,
				EBE888E22A3AD10E00F5F473 /* AuthService+Keychain.swift */,
			);
			path = AuthService;
			sourceTree = "<group>";
		};
		EBE888FB2A3AF9CD00F5F473 /* Enums */ = {
			isa = PBXGroup;
			children = (
				EBE888FC2A3AF9F200F5F473 /* AnimalType.swift */,
				EBE889002A3AFB1600F5F473 /* AnimalGender.swift */,
				EBE889192A3B012900F5F473 /* AnimalAge.swift */,
				EBE8891D2A3B020800F5F473 /* AnimalSize.swift */,
			);
			path = Enums;
			sourceTree = "<group>";
		};
		EBE889042A3AFC5900F5F473 /* Structs */ = {
			isa = PBXGroup;
			children = (
				EBE889052A3AFC7A00F5F473 /* AnimalBreeds.swift */,
				EBE889112A3AFF6C00F5F473 /* AnimalColors.swift */,
				EBE889252A3B056300F5F473 /* AnimalPhoto.swift */,
				EBE8892D2A3B06F300F5F473 /* AnimalContact.swift */,
				EBE889312A3B073400F5F473 /* AnimalContactAddress.swift */,
			);
			path = Structs;
			sourceTree = "<group>";
		};
		EBE8893D2A3B160800F5F473 /* Resources */ = {
			isa = PBXGroup;
			children = (
				EBE889532A3B374F00F5F473 /* Sailec Bold.ttf */,
				EBE889502A3B323D00F5F473 /* Sailec Medium.otf */,
				EBE889512A3B323D00F5F473 /* Sailec Regular.otf */,
				EBE8885A2A39FA3500F5F473 /* Assets.xcassets */,
				EBE888892A39FF9300F5F473 /* Colors.xcassets */,
				EBE8888A2A39FF9300F5F473 /* Preview Content */,
			);
			path = Resources;
			sourceTree = "<group>";
		};
		EBE889422A3B182800F5F473 /* Extensions */ = {
			isa = PBXGroup;
			children = (
				EBE8894B2A3B1A1D00F5F473 /* Categories */,
				EBE889472A3B19D600F5F473 /* ColorCategory.swift */,
			);
			path = Extensions;
			sourceTree = "<group>";
		};
		EBE8894B2A3B1A1D00F5F473 /* Categories */ = {
			isa = PBXGroup;
			children = (
				EBE889432A3B187700F5F473 /* Color+Custom.swift */,
			);
			path = Categories;
			sourceTree = "<group>";
		};
		EBE8895D2A3B4C8600F5F473 /* AnimalDetail */ = {
			isa = PBXGroup;
			children = (
				EBE8895E2A3B4C9E00F5F473 /* AnimalDetailView.swift */,
				EBE889602A3B4CD300F5F473 /* AnimalDetailViewModel.swift */,
			);
			path = AnimalDetail;
			sourceTree = "<group>";
		};
/* End PBXGroup section */

/* Begin PBXNativeTarget section */
		EBE888522A39FA3300F5F473 /* mvvm-combine-swiftui-test */ = {
			isa = PBXNativeTarget;
			buildConfigurationList = EBE888772A39FA3500F5F473 /* Build configuration list for PBXNativeTarget "mvvm-combine-swiftui-test" */;
			buildPhases = (
				EBE8884F2A39FA3300F5F473 /* Sources */,
				EBE888502A39FA3300F5F473 /* Frameworks */,
				EBE888512A39FA3300F5F473 /* Resources */,
			);
			buildRules = (
			);
			dependencies = (
			);
			name = "mvvm-combine-swiftui-test";
			packageProductDependencies = (
				EBE888922A3A106F00F5F473 /* Alamofire */,
				EBE889582A3B450900F5F473 /* Kingfisher */,
				EBE8896A2A3B5AD900F5F473 /* ScrollKit */,
			);
			productName = "mvvm-combine-swiftui-test";
			productReference = EBE888532A39FA3300F5F473 /* mvvm-combine-swiftui-test.app */;
			productType = "com.apple.product-type.application";
		};
		EBE888622A39FA3500F5F473 /* mvvm-combine-swiftui-testTests */ = {
			isa = PBXNativeTarget;
			buildConfigurationList = EBE8887A2A39FA3500F5F473 /* Build configuration list for PBXNativeTarget "mvvm-combine-swiftui-testTests" */;
			buildPhases = (
				EBE8885F2A39FA3500F5F473 /* Sources */,
				EBE888602A39FA3500F5F473 /* Frameworks */,
				EBE888612A39FA3500F5F473 /* Resources */,
			);
			buildRules = (
			);
			dependencies = (
				EBE888652A39FA3500F5F473 /* PBXTargetDependency */,
			);
			name = "mvvm-combine-swiftui-testTests";
			productName = "mvvm-combine-swiftui-testTests";
			productReference = EBE888632A39FA3500F5F473 /* mvvm-combine-swiftui-testTests.xctest */;
			productType = "com.apple.product-type.bundle.unit-test";
		};
		EBE8886C2A39FA3500F5F473 /* mvvm-combine-swiftui-testUITests */ = {
			isa = PBXNativeTarget;
			buildConfigurationList = EBE8887D2A39FA3500F5F473 /* Build configuration list for PBXNativeTarget "mvvm-combine-swiftui-testUITests" */;
			buildPhases = (
				EBE888692A39FA3500F5F473 /* Sources */,
				EBE8886A2A39FA3500F5F473 /* Frameworks */,
				EBE8886B2A39FA3500F5F473 /* Resources */,
			);
			buildRules = (
			);
			dependencies = (
				EBE8886F2A39FA3500F5F473 /* PBXTargetDependency */,
			);
			name = "mvvm-combine-swiftui-testUITests";
			productName = "mvvm-combine-swiftui-testUITests";
			productReference = EBE8886D2A39FA3500F5F473 /* mvvm-combine-swiftui-testUITests.xctest */;
			productType = "com.apple.product-type.bundle.ui-testing";
		};
/* End PBXNativeTarget section */

/* Begin PBXProject section */
		EBE8884B2A39FA3300F5F473 /* Project object */ = {
			isa = PBXProject;
			attributes = {
				BuildIndependentTargetsInParallel = 1;
				LastSwiftUpdateCheck = 1400;
				LastUpgradeCheck = 1400;
				TargetAttributes = {
					EBE888522A39FA3300F5F473 = {
						CreatedOnToolsVersion = 14.0.1;
					};
					EBE888622A39FA3500F5F473 = {
						CreatedOnToolsVersion = 14.0.1;
						TestTargetID = EBE888522A39FA3300F5F473;
					};
					EBE8886C2A39FA3500F5F473 = {
						CreatedOnToolsVersion = 14.0.1;
						TestTargetID = EBE888522A39FA3300F5F473;
					};
				};
			};
			buildConfigurationList = EBE8884E2A39FA3300F5F473 /* Build configuration list for PBXProject "mvvm-combine-swiftui-test" */;
			compatibilityVersion = "Xcode 14.0";
			developmentRegion = en;
			hasScannedForEncodings = 0;
			knownRegions = (
				en,
				Base,
			);
			mainGroup = EBE8884A2A39FA3300F5F473;
			packageReferences = (
				EBE888912A3A106F00F5F473 /* XCRemoteSwiftPackageReference "Alamofire" */,
				EBE889572A3B450900F5F473 /* XCRemoteSwiftPackageReference "Kingfisher" */,
				EBE889692A3B5AD900F5F473 /* XCRemoteSwiftPackageReference "ScrollKit" */,
			);
			productRefGroup = EBE888542A39FA3300F5F473 /* Products */;
			projectDirPath = "";
			projectRoot = "";
			targets = (
				EBE888522A39FA3300F5F473 /* mvvm-combine-swiftui-test */,
				EBE888622A39FA3500F5F473 /* mvvm-combine-swiftui-testTests */,
				EBE8886C2A39FA3500F5F473 /* mvvm-combine-swiftui-testUITests */,
			);
		};
/* End PBXProject section */

/* Begin PBXResourcesBuildPhase section */
		EBE888512A39FA3300F5F473 /* Resources */ = {
			isa = PBXResourcesBuildPhase;
			buildActionMask = 2147483647;
			files = (
				EBE8888E2A39FF9300F5F473 /* Colors.xcassets in Resources */,
				EBE889562A3B394D00F5F473 /* Sailec Regular.otf in Resources */,
				EBE8885B2A39FA3500F5F473 /* Assets.xcassets in Resources */,
				EBE889552A3B394500F5F473 /* Sailec Medium.otf in Resources */,
				EBE889542A3B394200F5F473 /* Sailec Bold.ttf in Resources */,
			);
			runOnlyForDeploymentPostprocessing = 0;
		};
		EBE888612A39FA3500F5F473 /* Resources */ = {
			isa = PBXResourcesBuildPhase;
			buildActionMask = 2147483647;
			files = (
				EBE8888F2A39FF9300F5F473 /* Colors.xcassets in Resources */,
			);
			runOnlyForDeploymentPostprocessing = 0;
		};
		EBE8886B2A39FA3500F5F473 /* Resources */ = {
			isa = PBXResourcesBuildPhase;
			buildActionMask = 2147483647;
			files = (
				EBE888902A39FF9300F5F473 /* Colors.xcassets in Resources */,
			);
			runOnlyForDeploymentPostprocessing = 0;
		};
/* End PBXResourcesBuildPhase section */

/* Begin PBXSourcesBuildPhase section */
		EBE8884F2A39FA3300F5F473 /* Sources */ = {
			isa = PBXSourcesBuildPhase;
			buildActionMask = 2147483647;
			files = (
				EBE889322A3B073400F5F473 /* AnimalContactAddress.swift in Sources */,
				EBE888C42A3A209400F5F473 /* Auth+Codable.swift in Sources */,
				EBE888592A39FA3300F5F473 /* ContentView.swift in Sources */,
				EBE889362A3B08FC00F5F473 /* AnimalContactAddress+Codable.swift in Sources */,
				EBE888E32A3AD10E00F5F473 /* AuthService+Keychain.swift in Sources */,
				EBE888FD2A3AF9F200F5F473 /* AnimalType.swift in Sources */,
				EBE8893A2A3B09D900F5F473 /* AnimalContact+Codable.swift in Sources */,
				EBE8891E2A3B020800F5F473 /* AnimalSize.swift in Sources */,
				EBE889482A3B19D600F5F473 /* ColorCategory.swift in Sources */,
				EBE888CE2A3A235E00F5F473 /* AnimalsListViewModel.swift in Sources */,
				EBE889262A3B056300F5F473 /* AnimalPhoto.swift in Sources */,
				EBE888F42A3AF71700F5F473 /* AnimalResponsePagination.swift in Sources */,
				EBE888EB2A3AE33400F5F473 /* AnimalResponse+Codable.swift in Sources */,
				EBE8890A2A3AFCD800F5F473 /* AnimalBreeds+Codable.swift in Sources */,
				EBE8892E2A3B06F300F5F473 /* AnimalContact.swift in Sources */,
				EBE888E72A3AE2A600F5F473 /* AnimalResponse.swift in Sources */,
				EBE888CA2A3A234600F5F473 /* AnimalsListView.swift in Sources */,
				EBE889122A3AFF6C00F5F473 /* AnimalColors.swift in Sources */,
				EBE888A42A3A15C100F5F473 /* NetworkClient.swift in Sources */,
				EBE8888B2A39FF9300F5F473 /* mvvm_combine_swiftui_testApp.swift in Sources */,
				EBE888AD2A3A179B00F5F473 /* Config.swift in Sources */,
				EBE888F82A3AF7BC00F5F473 /* AnimalResponsePagination+Codable.swift in Sources */,
				EBE889162A3B000400F5F473 /* AnimalColors+Codable.swift in Sources */,
				EBE8895F2A3B4C9E00F5F473 /* AnimalDetailView.swift in Sources */,
				EBE8889F2A3A12E100F5F473 /* Animal+Codable.swift in Sources */,
				EBE889612A3B4CD300F5F473 /* AnimalDetailViewModel.swift in Sources */,
				EBE889442A3B187700F5F473 /* Color+Custom.swift in Sources */,
				EBE889062A3AFC7A00F5F473 /* AnimalBreeds.swift in Sources */,
				EBE888D62A3AB83F00F5F473 /* AppDelegate.swift in Sources */,
				EBE888962A3A10B900F5F473 /* Animal.swift in Sources */,
				EBE888A82A3A174900F5F473 /* ServerRequestError.swift in Sources */,
				EBE8891A2A3B012900F5F473 /* AnimalAge.swift in Sources */,
				EBE888B72A3A1F9500F5F473 /* AuthParameters.swift in Sources */,
				EBE8892A2A3B05B400F5F473 /* AnimalPhoto+Codable.swift in Sources */,
				EBE888C12A3A209400F5F473 /* Auth.swift in Sources */,
				EBE888DF2A3ACF3B00F5F473 /* AuthService.swift in Sources */,
				EBE889012A3AFB1600F5F473 /* AnimalGender.swift in Sources */,
			);
			runOnlyForDeploymentPostprocessing = 0;
		};
		EBE8885F2A39FA3500F5F473 /* Sources */ = {
			isa = PBXSourcesBuildPhase;
			buildActionMask = 2147483647;
			files = (
				EBE889332A3B073400F5F473 /* AnimalContactAddress.swift in Sources */,
				EBE888C52A3A209400F5F473 /* Auth+Codable.swift in Sources */,
				EBE888682A39FA3500F5F473 /* mvvm_combine_swiftui_testTests.swift in Sources */,
				EBE889372A3B08FC00F5F473 /* AnimalContactAddress+Codable.swift in Sources */,
				EBE888E42A3AD10E00F5F473 /* AuthService+Keychain.swift in Sources */,
				EBE888FE2A3AF9F200F5F473 /* AnimalType.swift in Sources */,
				EBE8893B2A3B09D900F5F473 /* AnimalContact+Codable.swift in Sources */,
				EBE8891F2A3B020800F5F473 /* AnimalSize.swift in Sources */,
				EBE889492A3B19D600F5F473 /* ColorCategory.swift in Sources */,
				EBE888CF2A3A235E00F5F473 /* AnimalsListViewModel.swift in Sources */,
				EBE889272A3B056300F5F473 /* AnimalPhoto.swift in Sources */,
				EBE888F52A3AF71700F5F473 /* AnimalResponsePagination.swift in Sources */,
				EBE888EC2A3AE33400F5F473 /* AnimalResponse+Codable.swift in Sources */,
				EBE8890B2A3AFCD800F5F473 /* AnimalBreeds+Codable.swift in Sources */,
				EBE8892F2A3B06F300F5F473 /* AnimalContact.swift in Sources */,
				EBE888E82A3AE2A600F5F473 /* AnimalResponse.swift in Sources */,
				EBE888CB2A3A234600F5F473 /* AnimalsListView.swift in Sources */,
				EBE889132A3AFF6C00F5F473 /* AnimalColors.swift in Sources */,
				EBE888A52A3A15C100F5F473 /* NetworkClient.swift in Sources */,
				EBE8888C2A39FF9300F5F473 /* mvvm_combine_swiftui_testApp.swift in Sources */,
				EBE888AE2A3A179B00F5F473 /* Config.swift in Sources */,
				EBE888F92A3AF7BC00F5F473 /* AnimalResponsePagination+Codable.swift in Sources */,
				EBE889172A3B000400F5F473 /* AnimalColors+Codable.swift in Sources */,
				EBE888A02A3A12E100F5F473 /* Animal+Codable.swift in Sources */,
				EBE889452A3B187700F5F473 /* Color+Custom.swift in Sources */,
				EBE889072A3AFC7A00F5F473 /* AnimalBreeds.swift in Sources */,
				EBE888D72A3AB83F00F5F473 /* AppDelegate.swift in Sources */,
				EBE888972A3A10B900F5F473 /* Animal.swift in Sources */,
				EBE888A92A3A174900F5F473 /* ServerRequestError.swift in Sources */,
				EBE8891B2A3B012900F5F473 /* AnimalAge.swift in Sources */,
				EBE888B82A3A1F9500F5F473 /* AuthParameters.swift in Sources */,
				EBE8892B2A3B05B400F5F473 /* AnimalPhoto+Codable.swift in Sources */,
				EBE888C22A3A209400F5F473 /* Auth.swift in Sources */,
				EBE888E02A3ACF3B00F5F473 /* AuthService.swift in Sources */,
				EBE889022A3AFB1600F5F473 /* AnimalGender.swift in Sources */,
			);
			runOnlyForDeploymentPostprocessing = 0;
		};
		EBE888692A39FA3500F5F473 /* Sources */ = {
			isa = PBXSourcesBuildPhase;
			buildActionMask = 2147483647;
			files = (
				EBE889032A3AFB1600F5F473 /* AnimalGender.swift in Sources */,
				EBE889142A3AFF6C00F5F473 /* AnimalColors.swift in Sources */,
				EBE888A12A3A12E100F5F473 /* Animal+Codable.swift in Sources */,
				EBE888742A39FA3500F5F473 /* mvvm_combine_swiftui_testUITestsLaunchTests.swift in Sources */,
				EBE888C62A3A209400F5F473 /* Auth+Codable.swift in Sources */,
				EBE8892C2A3B05B400F5F473 /* AnimalPhoto+Codable.swift in Sources */,
				EBE888982A3A10B900F5F473 /* Animal.swift in Sources */,
				EBE888D82A3AB83F00F5F473 /* AppDelegate.swift in Sources */,
				EBE888ED2A3AE33400F5F473 /* AnimalResponse+Codable.swift in Sources */,
				EBE8888D2A39FF9300F5F473 /* mvvm_combine_swiftui_testApp.swift in Sources */,
				EBE889382A3B08FC00F5F473 /* AnimalContactAddress+Codable.swift in Sources */,
				EBE888AA2A3A174900F5F473 /* ServerRequestError.swift in Sources */,
				EBE889282A3B056300F5F473 /* AnimalPhoto.swift in Sources */,
				EBE889202A3B020800F5F473 /* AnimalSize.swift in Sources */,
				EBE888AF2A3A179B00F5F473 /* Config.swift in Sources */,
				EBE889302A3B06F300F5F473 /* AnimalContact.swift in Sources */,
				EBE888FA2A3AF7BC00F5F473 /* AnimalResponsePagination+Codable.swift in Sources */,
				EBE889462A3B187700F5F473 /* Color+Custom.swift in Sources */,
				EBE888D02A3A235E00F5F473 /* AnimalsListViewModel.swift in Sources */,
				EBE8891C2A3B012900F5F473 /* AnimalAge.swift in Sources */,
				EBE888B92A3A1F9500F5F473 /* AuthParameters.swift in Sources */,
				EBE8893C2A3B09D900F5F473 /* AnimalContact+Codable.swift in Sources */,
				EBE8890C2A3AFCD800F5F473 /* AnimalBreeds+Codable.swift in Sources */,
				EBE889082A3AFC7A00F5F473 /* AnimalBreeds.swift in Sources */,
				EBE888CC2A3A234600F5F473 /* AnimalsListView.swift in Sources */,
				EBE888E92A3AE2A600F5F473 /* AnimalResponse.swift in Sources */,
				EBE888722A39FA3500F5F473 /* mvvm_combine_swiftui_testUITests.swift in Sources */,
				EBE888F62A3AF71700F5F473 /* AnimalResponsePagination.swift in Sources */,
				EBE889182A3B000400F5F473 /* AnimalColors+Codable.swift in Sources */,
				EBE888E12A3ACF3B00F5F473 /* AuthService.swift in Sources */,
				EBE888A62A3A15C100F5F473 /* NetworkClient.swift in Sources */,
				EBE8894A2A3B19D600F5F473 /* ColorCategory.swift in Sources */,
				EBE888C32A3A209400F5F473 /* Auth.swift in Sources */,
				EBE888E52A3AD10E00F5F473 /* AuthService+Keychain.swift in Sources */,
				EBE888FF2A3AF9F200F5F473 /* AnimalType.swift in Sources */,
				EBE889342A3B073400F5F473 /* AnimalContactAddress.swift in Sources */,
			);
			runOnlyForDeploymentPostprocessing = 0;
		};
/* End PBXSourcesBuildPhase section */

/* Begin PBXTargetDependency section */
		EBE888652A39FA3500F5F473 /* PBXTargetDependency */ = {
			isa = PBXTargetDependency;
			target = EBE888522A39FA3300F5F473 /* mvvm-combine-swiftui-test */;
			targetProxy = EBE888642A39FA3500F5F473 /* PBXContainerItemProxy */;
		};
		EBE8886F2A39FA3500F5F473 /* PBXTargetDependency */ = {
			isa = PBXTargetDependency;
			target = EBE888522A39FA3300F5F473 /* mvvm-combine-swiftui-test */;
			targetProxy = EBE8886E2A39FA3500F5F473 /* PBXContainerItemProxy */;
		};
/* End PBXTargetDependency section */

/* Begin XCBuildConfiguration section */
		EBE888752A39FA3500F5F473 /* Debug */ = {
			isa = XCBuildConfiguration;
			buildSettings = {
				ALWAYS_SEARCH_USER_PATHS = NO;
				CLANG_ANALYZER_NONNULL = YES;
				CLANG_ANALYZER_NUMBER_OBJECT_CONVERSION = YES_AGGRESSIVE;
				CLANG_CXX_LANGUAGE_STANDARD = "gnu++20";
				CLANG_ENABLE_MODULES = YES;
				CLANG_ENABLE_OBJC_ARC = YES;
				CLANG_ENABLE_OBJC_WEAK = YES;
				CLANG_WARN_BLOCK_CAPTURE_AUTORELEASING = YES;
				CLANG_WARN_BOOL_CONVERSION = YES;
				CLANG_WARN_COMMA = YES;
				CLANG_WARN_CONSTANT_CONVERSION = YES;
				CLANG_WARN_DEPRECATED_OBJC_IMPLEMENTATIONS = YES;
				CLANG_WARN_DIRECT_OBJC_ISA_USAGE = YES_ERROR;
				CLANG_WARN_DOCUMENTATION_COMMENTS = YES;
				CLANG_WARN_EMPTY_BODY = YES;
				CLANG_WARN_ENUM_CONVERSION = YES;
				CLANG_WARN_INFINITE_RECURSION = YES;
				CLANG_WARN_INT_CONVERSION = YES;
				CLANG_WARN_NON_LITERAL_NULL_CONVERSION = YES;
				CLANG_WARN_OBJC_IMPLICIT_RETAIN_SELF = YES;
				CLANG_WARN_OBJC_LITERAL_CONVERSION = YES;
				CLANG_WARN_OBJC_ROOT_CLASS = YES_ERROR;
				CLANG_WARN_QUOTED_INCLUDE_IN_FRAMEWORK_HEADER = YES;
				CLANG_WARN_RANGE_LOOP_ANALYSIS = YES;
				CLANG_WARN_STRICT_PROTOTYPES = YES;
				CLANG_WARN_SUSPICIOUS_MOVE = YES;
				CLANG_WARN_UNGUARDED_AVAILABILITY = YES_AGGRESSIVE;
				CLANG_WARN_UNREACHABLE_CODE = YES;
				CLANG_WARN__DUPLICATE_METHOD_MATCH = YES;
				COPY_PHASE_STRIP = NO;
				DEBUG_INFORMATION_FORMAT = dwarf;
				ENABLE_STRICT_OBJC_MSGSEND = YES;
				ENABLE_TESTABILITY = YES;
				GCC_C_LANGUAGE_STANDARD = gnu11;
				GCC_DYNAMIC_NO_PIC = NO;
				GCC_NO_COMMON_BLOCKS = YES;
				GCC_OPTIMIZATION_LEVEL = 0;
				GCC_PREPROCESSOR_DEFINITIONS = (
					"DEBUG=1",
					"$(inherited)",
				);
				GCC_WARN_64_TO_32_BIT_CONVERSION = YES;
				GCC_WARN_ABOUT_RETURN_TYPE = YES_ERROR;
				GCC_WARN_UNDECLARED_SELECTOR = YES;
				GCC_WARN_UNINITIALIZED_AUTOS = YES_AGGRESSIVE;
				GCC_WARN_UNUSED_FUNCTION = YES;
				GCC_WARN_UNUSED_VARIABLE = YES;
				IPHONEOS_DEPLOYMENT_TARGET = 14.0;
				MTL_ENABLE_DEBUG_INFO = INCLUDE_SOURCE;
				MTL_FAST_MATH = YES;
				ONLY_ACTIVE_ARCH = YES;
				SDKROOT = iphoneos;
				SWIFT_ACTIVE_COMPILATION_CONDITIONS = DEBUG;
				SWIFT_OPTIMIZATION_LEVEL = "-Onone";
			};
			name = Debug;
		};
		EBE888762A39FA3500F5F473 /* Release */ = {
			isa = XCBuildConfiguration;
			buildSettings = {
				ALWAYS_SEARCH_USER_PATHS = NO;
				CLANG_ANALYZER_NONNULL = YES;
				CLANG_ANALYZER_NUMBER_OBJECT_CONVERSION = YES_AGGRESSIVE;
				CLANG_CXX_LANGUAGE_STANDARD = "gnu++20";
				CLANG_ENABLE_MODULES = YES;
				CLANG_ENABLE_OBJC_ARC = YES;
				CLANG_ENABLE_OBJC_WEAK = YES;
				CLANG_WARN_BLOCK_CAPTURE_AUTORELEASING = YES;
				CLANG_WARN_BOOL_CONVERSION = YES;
				CLANG_WARN_COMMA = YES;
				CLANG_WARN_CONSTANT_CONVERSION = YES;
				CLANG_WARN_DEPRECATED_OBJC_IMPLEMENTATIONS = YES;
				CLANG_WARN_DIRECT_OBJC_ISA_USAGE = YES_ERROR;
				CLANG_WARN_DOCUMENTATION_COMMENTS = YES;
				CLANG_WARN_EMPTY_BODY = YES;
				CLANG_WARN_ENUM_CONVERSION = YES;
				CLANG_WARN_INFINITE_RECURSION = YES;
				CLANG_WARN_INT_CONVERSION = YES;
				CLANG_WARN_NON_LITERAL_NULL_CONVERSION = YES;
				CLANG_WARN_OBJC_IMPLICIT_RETAIN_SELF = YES;
				CLANG_WARN_OBJC_LITERAL_CONVERSION = YES;
				CLANG_WARN_OBJC_ROOT_CLASS = YES_ERROR;
				CLANG_WARN_QUOTED_INCLUDE_IN_FRAMEWORK_HEADER = YES;
				CLANG_WARN_RANGE_LOOP_ANALYSIS = YES;
				CLANG_WARN_STRICT_PROTOTYPES = YES;
				CLANG_WARN_SUSPICIOUS_MOVE = YES;
				CLANG_WARN_UNGUARDED_AVAILABILITY = YES_AGGRESSIVE;
				CLANG_WARN_UNREACHABLE_CODE = YES;
				CLANG_WARN__DUPLICATE_METHOD_MATCH = YES;
				COPY_PHASE_STRIP = NO;
				DEBUG_INFORMATION_FORMAT = "dwarf-with-dsym";
				ENABLE_NS_ASSERTIONS = NO;
				ENABLE_STRICT_OBJC_MSGSEND = YES;
				GCC_C_LANGUAGE_STANDARD = gnu11;
				GCC_NO_COMMON_BLOCKS = YES;
				GCC_WARN_64_TO_32_BIT_CONVERSION = YES;
				GCC_WARN_ABOUT_RETURN_TYPE = YES_ERROR;
				GCC_WARN_UNDECLARED_SELECTOR = YES;
				GCC_WARN_UNINITIALIZED_AUTOS = YES_AGGRESSIVE;
				GCC_WARN_UNUSED_FUNCTION = YES;
				GCC_WARN_UNUSED_VARIABLE = YES;
				IPHONEOS_DEPLOYMENT_TARGET = 14.0;
				MTL_ENABLE_DEBUG_INFO = NO;
				MTL_FAST_MATH = YES;
				SDKROOT = iphoneos;
				SWIFT_COMPILATION_MODE = wholemodule;
				SWIFT_OPTIMIZATION_LEVEL = "-O";
				VALIDATE_PRODUCT = YES;
			};
			name = Release;
		};
		EBE888782A39FA3500F5F473 /* Debug */ = {
			isa = XCBuildConfiguration;
			buildSettings = {
				ASSETCATALOG_COMPILER_APPICON_NAME = AppIcon;
				ASSETCATALOG_COMPILER_GLOBAL_ACCENT_COLOR_NAME = AccentColor;
				CODE_SIGN_STYLE = Automatic;
				CURRENT_PROJECT_VERSION = 1;
				DEVELOPMENT_ASSET_PATHS = "\"mvvm-combine-swiftui-test\"";
				DEVELOPMENT_TEAM = 6Z6K566KPE;
				ENABLE_PREVIEWS = YES;
				GENERATE_INFOPLIST_FILE = YES;
				INFOPLIST_FILE = "mvvm-combine-swiftui-test/Info.plist";
				INFOPLIST_KEY_UIApplicationSceneManifest_Generation = YES;
				INFOPLIST_KEY_UIApplicationSupportsIndirectInputEvents = YES;
				INFOPLIST_KEY_UILaunchScreen_Generation = YES;
				INFOPLIST_KEY_UISupportedInterfaceOrientations = UIInterfaceOrientationPortrait;
				LD_RUNPATH_SEARCH_PATHS = (
					"$(inherited)",
					"@executable_path/Frameworks",
				);
				MARKETING_VERSION = 1.0;
				PRODUCT_BUNDLE_IDENTIFIER = "com.mpolev.mvvm-combine-swiftui-test";
				PRODUCT_NAME = "$(TARGET_NAME)";
				SWIFT_EMIT_LOC_STRINGS = YES;
				SWIFT_VERSION = 5.0;
				TARGETED_DEVICE_FAMILY = "1,2";
			};
			name = Debug;
		};
		EBE888792A39FA3500F5F473 /* Release */ = {
			isa = XCBuildConfiguration;
			buildSettings = {
				ASSETCATALOG_COMPILER_APPICON_NAME = AppIcon;
				ASSETCATALOG_COMPILER_GLOBAL_ACCENT_COLOR_NAME = AccentColor;
				CODE_SIGN_STYLE = Automatic;
				CURRENT_PROJECT_VERSION = 1;
				DEVELOPMENT_ASSET_PATHS = "\"mvvm-combine-swiftui-test\"";
				DEVELOPMENT_TEAM = 6Z6K566KPE;
				ENABLE_PREVIEWS = YES;
				GENERATE_INFOPLIST_FILE = YES;
				INFOPLIST_FILE = "mvvm-combine-swiftui-test/Info.plist";
				INFOPLIST_KEY_UIApplicationSceneManifest_Generation = YES;
				INFOPLIST_KEY_UIApplicationSupportsIndirectInputEvents = YES;
				INFOPLIST_KEY_UILaunchScreen_Generation = YES;
				INFOPLIST_KEY_UISupportedInterfaceOrientations = UIInterfaceOrientationPortrait;
				LD_RUNPATH_SEARCH_PATHS = (
					"$(inherited)",
					"@executable_path/Frameworks",
				);
				MARKETING_VERSION = 1.0;
				PRODUCT_BUNDLE_IDENTIFIER = "com.mpolev.mvvm-combine-swiftui-test";
				PRODUCT_NAME = "$(TARGET_NAME)";
				SWIFT_EMIT_LOC_STRINGS = YES;
				SWIFT_VERSION = 5.0;
				TARGETED_DEVICE_FAMILY = "1,2";
			};
			name = Release;
		};
		EBE8887B2A39FA3500F5F473 /* Debug */ = {
			isa = XCBuildConfiguration;
			buildSettings = {
				ALWAYS_EMBED_SWIFT_STANDARD_LIBRARIES = YES;
				BUNDLE_LOADER = "$(TEST_HOST)";
				CODE_SIGN_STYLE = Automatic;
				CURRENT_PROJECT_VERSION = 1;
				DEVELOPMENT_TEAM = 6Z6K566KPE;
				GENERATE_INFOPLIST_FILE = YES;
				IPHONEOS_DEPLOYMENT_TARGET = 16.0;
				MARKETING_VERSION = 1.0;
				PRODUCT_BUNDLE_IDENTIFIER = "com.mpolev.mvvm-combine-swiftui-testTests";
				PRODUCT_NAME = "$(TARGET_NAME)";
				SWIFT_EMIT_LOC_STRINGS = NO;
				SWIFT_VERSION = 5.0;
				TARGETED_DEVICE_FAMILY = "1,2";
				TEST_HOST = "$(BUILT_PRODUCTS_DIR)/mvvm-combine-swiftui-test.app/$(BUNDLE_EXECUTABLE_FOLDER_PATH)/mvvm-combine-swiftui-test";
			};
			name = Debug;
		};
		EBE8887C2A39FA3500F5F473 /* Release */ = {
			isa = XCBuildConfiguration;
			buildSettings = {
				ALWAYS_EMBED_SWIFT_STANDARD_LIBRARIES = YES;
				BUNDLE_LOADER = "$(TEST_HOST)";
				CODE_SIGN_STYLE = Automatic;
				CURRENT_PROJECT_VERSION = 1;
				DEVELOPMENT_TEAM = 6Z6K566KPE;
				GENERATE_INFOPLIST_FILE = YES;
				IPHONEOS_DEPLOYMENT_TARGET = 16.0;
				MARKETING_VERSION = 1.0;
				PRODUCT_BUNDLE_IDENTIFIER = "com.mpolev.mvvm-combine-swiftui-testTests";
				PRODUCT_NAME = "$(TARGET_NAME)";
				SWIFT_EMIT_LOC_STRINGS = NO;
				SWIFT_VERSION = 5.0;
				TARGETED_DEVICE_FAMILY = "1,2";
				TEST_HOST = "$(BUILT_PRODUCTS_DIR)/mvvm-combine-swiftui-test.app/$(BUNDLE_EXECUTABLE_FOLDER_PATH)/mvvm-combine-swiftui-test";
			};
			name = Release;
		};
		EBE8887E2A39FA3500F5F473 /* Debug */ = {
			isa = XCBuildConfiguration;
			buildSettings = {
				ALWAYS_EMBED_SWIFT_STANDARD_LIBRARIES = YES;
				CODE_SIGN_STYLE = Automatic;
				CURRENT_PROJECT_VERSION = 1;
				DEVELOPMENT_TEAM = 6Z6K566KPE;
				GENERATE_INFOPLIST_FILE = YES;
				MARKETING_VERSION = 1.0;
				PRODUCT_BUNDLE_IDENTIFIER = "com.mpolev.mvvm-combine-swiftui-testUITests";
				PRODUCT_NAME = "$(TARGET_NAME)";
				SWIFT_EMIT_LOC_STRINGS = NO;
				SWIFT_VERSION = 5.0;
				TARGETED_DEVICE_FAMILY = "1,2";
				TEST_TARGET_NAME = "mvvm-combine-swiftui-test";
			};
			name = Debug;
		};
		EBE8887F2A39FA3500F5F473 /* Release */ = {
			isa = XCBuildConfiguration;
			buildSettings = {
				ALWAYS_EMBED_SWIFT_STANDARD_LIBRARIES = YES;
				CODE_SIGN_STYLE = Automatic;
				CURRENT_PROJECT_VERSION = 1;
				DEVELOPMENT_TEAM = 6Z6K566KPE;
				GENERATE_INFOPLIST_FILE = YES;
				MARKETING_VERSION = 1.0;
				PRODUCT_BUNDLE_IDENTIFIER = "com.mpolev.mvvm-combine-swiftui-testUITests";
				PRODUCT_NAME = "$(TARGET_NAME)";
				SWIFT_EMIT_LOC_STRINGS = NO;
				SWIFT_VERSION = 5.0;
				TARGETED_DEVICE_FAMILY = "1,2";
				TEST_TARGET_NAME = "mvvm-combine-swiftui-test";
			};
			name = Release;
		};
/* End XCBuildConfiguration section */

/* Begin XCConfigurationList section */
		EBE8884E2A39FA3300F5F473 /* Build configuration list for PBXProject "mvvm-combine-swiftui-test" */ = {
			isa = XCConfigurationList;
			buildConfigurations = (
				EBE888752A39FA3500F5F473 /* Debug */,
				EBE888762A39FA3500F5F473 /* Release */,
			);
			defaultConfigurationIsVisible = 0;
			defaultConfigurationName = Release;
		};
		EBE888772A39FA3500F5F473 /* Build configuration list for PBXNativeTarget "mvvm-combine-swiftui-test" */ = {
			isa = XCConfigurationList;
			buildConfigurations = (
				EBE888782A39FA3500F5F473 /* Debug */,
				EBE888792A39FA3500F5F473 /* Release */,
			);
			defaultConfigurationIsVisible = 0;
			defaultConfigurationName = Release;
		};
		EBE8887A2A39FA3500F5F473 /* Build configuration list for PBXNativeTarget "mvvm-combine-swiftui-testTests" */ = {
			isa = XCConfigurationList;
			buildConfigurations = (
				EBE8887B2A39FA3500F5F473 /* Debug */,
				EBE8887C2A39FA3500F5F473 /* Release */,
			);
			defaultConfigurationIsVisible = 0;
			defaultConfigurationName = Release;
		};
		EBE8887D2A39FA3500F5F473 /* Build configuration list for PBXNativeTarget "mvvm-combine-swiftui-testUITests" */ = {
			isa = XCConfigurationList;
			buildConfigurations = (
				EBE8887E2A39FA3500F5F473 /* Debug */,
				EBE8887F2A39FA3500F5F473 /* Release */,
			);
			defaultConfigurationIsVisible = 0;
			defaultConfigurationName = Release;
		};
/* End XCConfigurationList section */

/* Begin XCRemoteSwiftPackageReference section */
		EBE888912A3A106F00F5F473 /* XCRemoteSwiftPackageReference "Alamofire" */ = {
			isa = XCRemoteSwiftPackageReference;
			repositoryURL = "https://github.com/Alamofire/Alamofire.git";
			requirement = {
				kind = upToNextMajorVersion;
				minimumVersion = 5.0.0;
			};
		};
		EBE889572A3B450900F5F473 /* XCRemoteSwiftPackageReference "Kingfisher" */ = {
			isa = XCRemoteSwiftPackageReference;
			repositoryURL = "https://github.com/onevcat/Kingfisher.git";
			requirement = {
				kind = upToNextMajorVersion;
				minimumVersion = 7.0.0;
			};
		};
		EBE889692A3B5AD900F5F473 /* XCRemoteSwiftPackageReference "ScrollKit" */ = {
			isa = XCRemoteSwiftPackageReference;
			repositoryURL = "https://github.com/danielsaidi/ScrollKit.git";
			requirement = {
				kind = upToNextMajorVersion;
				minimumVersion = 0.3.0;
			};
		};
/* End XCRemoteSwiftPackageReference section */

/* Begin XCSwiftPackageProductDependency section */
		EBE888922A3A106F00F5F473 /* Alamofire */ = {
			isa = XCSwiftPackageProductDependency;
			package = EBE888912A3A106F00F5F473 /* XCRemoteSwiftPackageReference "Alamofire" */;
			productName = Alamofire;
		};
		EBE889582A3B450900F5F473 /* Kingfisher */ = {
			isa = XCSwiftPackageProductDependency;
			package = EBE889572A3B450900F5F473 /* XCRemoteSwiftPackageReference "Kingfisher" */;
			productName = Kingfisher;
		};
		EBE8896A2A3B5AD900F5F473 /* ScrollKit */ = {
			isa = XCSwiftPackageProductDependency;
			package = EBE889692A3B5AD900F5F473 /* XCRemoteSwiftPackageReference "ScrollKit" */;
			productName = ScrollKit;
		};
/* End XCSwiftPackageProductDependency section */
	};
	rootObject = EBE8884B2A39FA3300F5F473 /* Project object */;
}
